// !$*UTF8*$!
{
	archiveVersion = 1;
	classes = {
	};
	objectVersion = 46;
	objects = {

/* Begin PBXBuildFile section */
		014D1E7517231F1900D2E23C /* ViewController.m in Sources */ = {isa = PBXBuildFile; fileRef = 014D1E7417231F1900D2E23C /* ViewController.m */; };
		019E6BB1172D498A00424B5A /* QuartzCore.framework in Frameworks */ = {isa = PBXBuildFile; fileRef = 019E6BB0172D498A00424B5A /* QuartzCore.framework */; };
		01DFB6C116CC4CDE006A7A9F /* AppDelegate.m in Sources */ = {isa = PBXBuildFile; fileRef = 01DFB6B716CC4CDE006A7A9F /* AppDelegate.m */; };
		01DFB6C616CC4CDE006A7A9F /* main.m in Sources */ = {isa = PBXBuildFile; fileRef = 01DFB6BD16CC4CDE006A7A9F /* main.m */; };
		01DFB6C816CC4CDE006A7A9F /* ViewController.xib in Resources */ = {isa = PBXBuildFile; fileRef = 01DFB6C016CC4CDE006A7A9F /* ViewController.xib */; };
		01DFB6DF16CC4F5D006A7A9F /* Default-568h@2x.png in Resources */ = {isa = PBXBuildFile; fileRef = 01DFB6DC16CC4F5D006A7A9F /* Default-568h@2x.png */; };
		01DFB6E016CC4F5D006A7A9F /* Default.png in Resources */ = {isa = PBXBuildFile; fileRef = 01DFB6DD16CC4F5D006A7A9F /* Default.png */; };
		01DFB6E116CC4F5D006A7A9F /* Default@2x.png in Resources */ = {isa = PBXBuildFile; fileRef = 01DFB6DE16CC4F5D006A7A9F /* Default@2x.png */; };
		01F7243216BEBAF400DB1F0E /* UIKit.framework in Frameworks */ = {isa = PBXBuildFile; fileRef = 01F7243116BEBAF400DB1F0E /* UIKit.framework */; };
		01F7243416BEBAF400DB1F0E /* Foundation.framework in Frameworks */ = {isa = PBXBuildFile; fileRef = 01F7243316BEBAF400DB1F0E /* Foundation.framework */; };
		01F7243616BEBAF400DB1F0E /* CoreGraphics.framework in Frameworks */ = {isa = PBXBuildFile; fileRef = 01F7243516BEBAF400DB1F0E /* CoreGraphics.framework */; };
/* End PBXBuildFile section */

/* Begin PBXFileReference section */
		014D1E7317231F1900D2E23C /* ViewController.h */ = {isa = PBXFileReference; fileEncoding = 4; lastKnownFileType = sourcecode.c.h; path = ViewController.h; sourceTree = "<group>"; };
		014D1E7417231F1900D2E23C /* ViewController.m */ = {isa = PBXFileReference; fileEncoding = 4; lastKnownFileType = sourcecode.c.objc; path = ViewController.m; sourceTree = "<group>"; };
		019E6BB0172D498A00424B5A /* QuartzCore.framework */ = {isa = PBXFileReference; lastKnownFileType = wrapper.framework; name = QuartzCore.framework; path = System/Library/Frameworks/QuartzCore.framework; sourceTree = SDKROOT; };
		01DFB6B616CC4CDE006A7A9F /* AppDelegate.h */ = {isa = PBXFileReference; fileEncoding = 4; lastKnownFileType = sourcecode.c.h; path = AppDelegate.h; sourceTree = "<group>"; };
		01DFB6B716CC4CDE006A7A9F /* AppDelegate.m */ = {isa = PBXFileReference; fileEncoding = 4; lastKnownFileType = sourcecode.c.objc; path = AppDelegate.m; sourceTree = "<group>"; };
		01DFB6BB16CC4CDE006A7A9F /* Parallax-Info.plist */ = {isa = PBXFileReference; fileEncoding = 4; lastKnownFileType = text.plist.xml; path = "Parallax-Info.plist"; sourceTree = "<group>"; };
		01DFB6BC16CC4CDE006A7A9F /* Parallax-Prefix.pch */ = {isa = PBXFileReference; fileEncoding = 4; lastKnownFileType = sourcecode.c.h; path = "Parallax-Prefix.pch"; sourceTree = "<group>"; };
		01DFB6BD16CC4CDE006A7A9F /* main.m */ = {isa = PBXFileReference; fileEncoding = 4; lastKnownFileType = sourcecode.c.objc; path = main.m; sourceTree = "<group>"; };
		01DFB6C016CC4CDE006A7A9F /* ViewController.xib */ = {isa = PBXFileReference; fileEncoding = 4; lastKnownFileType = file.xib; path = ViewController.xib; sourceTree = "<group>"; };
		01DFB6DC16CC4F5D006A7A9F /* Default-568h@2x.png */ = {isa = PBXFileReference; lastKnownFileType = image.png; path = "Default-568h@2x.png"; sourceTree = "<group>"; };
		01DFB6DD16CC4F5D006A7A9F /* Default.png */ = {isa = PBXFileReference; lastKnownFileType = image.png; path = Default.png; sourceTree = "<group>"; };
		01DFB6DE16CC4F5D006A7A9F /* Default@2x.png */ = {isa = PBXFileReference; lastKnownFileType = image.png; path = "Default@2x.png"; sourceTree = "<group>"; };
		01F7242E16BEBAF400DB1F0E /* Parallax.app */ = {isa = PBXFileReference; explicitFileType = wrapper.application; includeInIndex = 0; path = Parallax.app; sourceTree = BUILT_PRODUCTS_DIR; };
		01F7243116BEBAF400DB1F0E /* UIKit.framework */ = {isa = PBXFileReference; lastKnownFileType = wrapper.framework; name = UIKit.framework; path = System/Library/Frameworks/UIKit.framework; sourceTree = SDKROOT; };
		01F7243316BEBAF400DB1F0E /* Foundation.framework */ = {isa = PBXFileReference; lastKnownFileType = wrapper.framework; name = Foundation.framework; path = System/Library/Frameworks/Foundation.framework; sourceTree = SDKROOT; };
		01F7243516BEBAF400DB1F0E /* CoreGraphics.framework */ = {isa = PBXFileReference; lastKnownFileType = wrapper.framework; name = CoreGraphics.framework; path = System/Library/Frameworks/CoreGraphics.framework; sourceTree = SDKROOT; };
/* End PBXFileReference section */

/* Begin PBXFrameworksBuildPhase section */
		01F7242B16BEBAF400DB1F0E /* Frameworks */ = {
			isa = PBXFrameworksBuildPhase;
			buildActionMask = 2147483647;
			files = (
				019E6BB1172D498A00424B5A /* QuartzCore.framework in Frameworks */,
				01F7243216BEBAF400DB1F0E /* UIKit.framework in Frameworks */,
				01F7243416BEBAF400DB1F0E /* Foundation.framework in Frameworks */,
				01F7243616BEBAF400DB1F0E /* CoreGraphics.framework in Frameworks */,
			);
			runOnlyForDeploymentPostprocessing = 0;
		};
/* End PBXFrameworksBuildPhase section */

/* Begin PBXGroup section */
		01DFB6B516CC4CDE006A7A9F /* Classes */ = {
			isa = PBXGroup;
			children = (
				01DFB6B616CC4CDE006A7A9F /* AppDelegate.h */,
				01DFB6B716CC4CDE006A7A9F /* AppDelegate.m */,
				014D1E7317231F1900D2E23C /* ViewController.h */,
				014D1E7417231F1900D2E23C /* ViewController.m */,
				01DFB6C016CC4CDE006A7A9F /* ViewController.xib */,
				01DFB6C916CC4CE8006A7A9F /* Supporting Files */,
			);
			path = Classes;
			sourceTree = "<group>";
		};
		01DFB6C916CC4CE8006A7A9F /* Supporting Files */ = {
			isa = PBXGroup;
			children = (
				01DFB6BB16CC4CDE006A7A9F /* Parallax-Info.plist */,
				01DFB6BC16CC4CDE006A7A9F /* Parallax-Prefix.pch */,
				01DFB6BD16CC4CDE006A7A9F /* main.m */,
			);
			name = "Supporting Files";
			sourceTree = "<group>";
		};
		01DFB6DB16CC4F5D006A7A9F /* Images */ = {
			isa = PBXGroup;
			children = (
				01DFB6DC16CC4F5D006A7A9F /* Default-568h@2x.png */,
				01DFB6DD16CC4F5D006A7A9F /* Default.png */,
				01DFB6DE16CC4F5D006A7A9F /* Default@2x.png */,
			);
			path = Images;
			sourceTree = "<group>";
		};
		01F7242516BEBAF400DB1F0E = {
			isa = PBXGroup;
			children = (
				01DFB6DB16CC4F5D006A7A9F /* Images */,
				01DFB6B516CC4CDE006A7A9F /* Classes */,
				01F7243016BEBAF400DB1F0E /* Frameworks */,
				01F7242F16BEBAF400DB1F0E /* Products */,
			);
			sourceTree = "<group>";
		};
		01F7242F16BEBAF400DB1F0E /* Products */ = {
			isa = PBXGroup;
			children = (
				01F7242E16BEBAF400DB1F0E /* Parallax.app */,
			);
			name = Products;
			sourceTree = "<group>";
		};
		01F7243016BEBAF400DB1F0E /* Frameworks */ = {
			isa = PBXGroup;
			children = (
				01F7243116BEBAF400DB1F0E /* UIKit.framework */,
				01F7243316BEBAF400DB1F0E /* Foundation.framework */,
				01F7243516BEBAF400DB1F0E /* CoreGraphics.framework */,
				019E6BB0172D498A00424B5A /* QuartzCore.framework */,
			);
			name = Frameworks;
			sourceTree = "<group>";
		};
/* End PBXGroup section */

/* Begin PBXNativeTarget section */
		01F7242D16BEBAF400DB1F0E /* Parallax */ = {
			isa = PBXNativeTarget;
			buildConfigurationList = 01F7245116BEBAF400DB1F0E /* Build configuration list for PBXNativeTarget "Parallax" */;
			buildPhases = (
				01F7242A16BEBAF400DB1F0E /* Sources */,
				01F7242B16BEBAF400DB1F0E /* Frameworks */,
				01F7242C16BEBAF400DB1F0E /* Resources */,
			);
			buildRules = (
			);
			dependencies = (
			);
			name = Parallax;
			productName = LayerTest;
			productReference = 01F7242E16BEBAF400DB1F0E /* Parallax.app */;
			productType = "com.apple.product-type.application";
		};
/* End PBXNativeTarget section */

/* Begin PBXProject section */
		01F7242616BEBAF400DB1F0E /* Project object */ = {
			isa = PBXProject;
			attributes = {
				LastUpgradeCheck = 0460;
				ORGANIZATIONNAME = "Charcoal Design";
			};
			buildConfigurationList = 01F7242916BEBAF400DB1F0E /* Build configuration list for PBXProject "Parallax" */;
			compatibilityVersion = "Xcode 3.2";
			developmentRegion = English;
			hasScannedForEncodings = 0;
			knownRegions = (
				en,
			);
			mainGroup = 01F7242516BEBAF400DB1F0E;
			productRefGroup = 01F7242F16BEBAF400DB1F0E /* Products */;
			projectDirPath = "";
			projectRoot = "";
			targets = (
				01F7242D16BEBAF400DB1F0E /* Parallax */,
			);
		};
/* End PBXProject section */

/* Begin PBXResourcesBuildPhase section */
		01F7242C16BEBAF400DB1F0E /* Resources */ = {
			isa = PBXResourcesBuildPhase;
			buildActionMask = 2147483647;
			files = (
				01DFB6C816CC4CDE006A7A9F /* ViewController.xib in Resources */,
				01DFB6DF16CC4F5D006A7A9F /* Default-568h@2x.png in Resources */,
				01DFB6E016CC4F5D006A7A9F /* Default.png in Resources */,
				01DFB6E116CC4F5D006A7A9F /* Default@2x.png in Resources */,
			);
			runOnlyForDeploymentPostprocessing = 0;
		};
/* End PBXResourcesBuildPhase section */

/* Begin PBXSourcesBuildPhase section */
		01F7242A16BEBAF400DB1F0E /* Sources */ = {
			isa = PBXSourcesBuildPhase;
			buildActionMask = 2147483647;
			files = (
				01DFB6C116CC4CDE006A7A9F /* AppDelegate.m in Sources */,
				01DFB6C616CC4CDE006A7A9F /* main.m in Sources */,
				014D1E7517231F1900D2E23C /* ViewController.m in Sources */,
			);
			runOnlyForDeploymentPostprocessing = 0;
		};
/* End PBXSourcesBuildPhase section */

/* Begin XCBuildConfiguration section */
		01F7244F16BEBAF400DB1F0E /* Debug */ = {
			isa = XCBuildConfiguration;
			buildSettings = {
				ALWAYS_SEARCH_USER_PATHS = NO;
				CLANG_CXX_LANGUAGE_STANDARD = "gnu++0x";
				CLANG_CXX_LIBRARY = "libc++";
				CLANG_ENABLE_OBJC_ARC = YES;
				CLANG_WARN_CONSTANT_CONVERSION = YES;
				CLANG_WARN_EMPTY_BODY = YES;
				CLANG_WARN_ENUM_CONVERSION = YES;
				CLANG_WARN_INT_CONVERSION = YES;
				CLANG_WARN__DUPLICATE_METHOD_MATCH = YES;
				"CODE_SIGN_IDENTITY[sdk=iphoneos*]" = "iPhone Developer";
				COPY_PHASE_STRIP = NO;
				GCC_C_LANGUAGE_STANDARD = gnu99;
				GCC_DYNAMIC_NO_PIC = NO;
				GCC_OPTIMIZATION_LEVEL = 0;
				GCC_PREPROCESSOR_DEFINITIONS = (
					"DEBUG=1",
					"$(inherited)",
				);
				GCC_SYMBOLS_PRIVATE_EXTERN = NO;
				GCC_TREAT_WARNINGS_AS_ERRORS = YES;
				GCC_WARN_ABOUT_RETURN_TYPE = YES;
				GCC_WARN_UNINITIALIZED_AUTOS = YES;
				GCC_WARN_UNUSED_VARIABLE = YES;
				IPHONEOS_DEPLOYMENT_TARGET = 6.1;
				ONLY_ACTIVE_ARCH = YES;
				RUN_CLANG_STATIC_ANALYZER = YES;
				SDKROOT = iphoneos;
			};
			name = Debug;
		};
		01F7245016BEBAF400DB1F0E /* Release */ = {
			isa = XCBuildConfiguration;
			buildSettings = {
				ALWAYS_SEARCH_USER_PATHS = NO;
				CLANG_CXX_LANGUAGE_STANDARD = "gnu++0x";
				CLANG_CXX_LIBRARY = "libc++";
				CLANG_ENABLE_OBJC_ARC = YES;
				CLANG_WARN_CONSTANT_CONVERSION = YES;
				CLANG_WARN_EMPTY_BODY = YES;
				CLANG_WARN_ENUM_CONVERSION = YES;
				CLANG_WARN_INT_CONVERSION = YES;
				CLANG_WARN__DUPLICATE_METHOD_MATCH = YES;
				"CODE_SIGN_IDENTITY[sdk=iphoneos*]" = "iPhone Developer";
				COPY_PHASE_STRIP = YES;
				GCC_C_LANGUAGE_STANDARD = gnu99;
				GCC_TREAT_WARNINGS_AS_ERRORS = YES;
				GCC_WARN_ABOUT_RETURN_TYPE = YES;
				GCC_WARN_UNINITIALIZED_AUTOS = YES;
				GCC_WARN_UNUSED_VARIABLE = YES;
				IPHONEOS_DEPLOYMENT_TARGET = 6.1;
				OTHER_CFLAGS = "-DNS_BLOCK_ASSERTIONS=1";
				RUN_CLANG_STATIC_ANALYZER = YES;
				SDKROOT = iphoneos;
				VALIDATE_PRODUCT = YES;
			};
			name = Release;
		};
		01F7245216BEBAF400DB1F0E /* Debug */ = {
			isa = XCBuildConfiguration;
			buildSettings = {
				GCC_PRECOMPILE_PREFIX_HEADER = YES;
				GCC_PREFIX_HEADER = "Classes/Parallax-Prefix.pch";
				INFOPLIST_FILE = "Classes/Parallax-Info.plist";
				PRODUCT_NAME = Parallax;
				WRAPPER_EXTENSION = app;
			};
			name = Debug;
		};
		01F7245316BEBAF400DB1F0E /* Release */ = {
			isa = XCBuildConfiguration;
			buildSettings = {
				GCC_PRECOMPILE_PREFIX_HEADER = YES;
				GCC_PREFIX_HEADER = "Classes/Parallax-Prefix.pch";
				INFOPLIST_FILE = "Classes/Parallax-Info.plist";
				PRODUCT_NAME = Parallax;
				WRAPPER_EXTENSION = app;
			};
			name = Release;
		};
/* End XCBuildConfiguration section */

/* Begin XCConfigurationList section */
		01F7242916BEBAF400DB1F0E /* Build configuration list for PBXProject "Parallax" */ = {
			isa = XCConfigurationList;
			buildConfigurations = (
				01F7244F16BEBAF400DB1F0E /* Debug */,
				01F7245016BEBAF400DB1F0E /* Release */,
			);
			defaultConfigurationIsVisible = 0;
			defaultConfigurationName = Release;
		};
		01F7245116BEBAF400DB1F0E /* Build configuration list for PBXNativeTarget "Parallax" */ = {
			isa = XCConfigurationList;
			buildConfigurations = (
				01F7245216BEBAF400DB1F0E /* Debug */,
				01F7245316BEBAF400DB1F0E /* Release */,
			);
			defaultConfigurationIsVisible = 0;
			defaultConfigurationName = Release;
		};
/* End XCConfigurationList section */
	};
	rootObject = 01F7242616BEBAF400DB1F0E /* Project object */;
}
